// !$*UTF8*$!
{
	archiveVersion = 1;
	classes = {
	};
	objectVersion = 46;
	objects = {

/* Begin PBXBuildFile section */
		0310C518160431EC00334F29 /* JAAnonymousCardViewController.m in Sources */ = {isa = PBXBuildFile; fileRef = 0310C516160431EC00334F29 /* JAAnonymousCardViewController.m */; };
		0310C519160431EC00334F29 /* JAAnonymousCardViewController.m in Sources */ = {isa = PBXBuildFile; fileRef = 0310C516160431EC00334F29 /* JAAnonymousCardViewController.m */; };
		0310C51A160431EC00334F29 /* JAAnonymousCardViewController.m in Sources */ = {isa = PBXBuildFile; fileRef = 0310C516160431EC00334F29 /* JAAnonymousCardViewController.m */; };
		0310C51B160431EC00334F29 /* JAAnonymousCardViewController.xib in Resources */ = {isa = PBXBuildFile; fileRef = 0310C517160431EC00334F29 /* JAAnonymousCardViewController.xib */; };
		0310C51C160431EC00334F29 /* JAAnonymousCardViewController.xib in Resources */ = {isa = PBXBuildFile; fileRef = 0310C517160431EC00334F29 /* JAAnonymousCardViewController.xib */; };
		0310C51D160431EC00334F29 /* JAAnonymousCardViewController.xib in Resources */ = {isa = PBXBuildFile; fileRef = 0310C517160431EC00334F29 /* JAAnonymousCardViewController.xib */; };
		037F1FB41602BFB8003545E8 /* UIKit.framework in Frameworks */ = {isa = PBXBuildFile; fileRef = 037F1FB31602BFB8003545E8 /* UIKit.framework */; };
		037F1FB61602BFB8003545E8 /* Foundation.framework in Frameworks */ = {isa = PBXBuildFile; fileRef = 037F1FB51602BFB8003545E8 /* Foundation.framework */; };
		037F1FB81602BFB8003545E8 /* CoreGraphics.framework in Frameworks */ = {isa = PBXBuildFile; fileRef = 037F1FB71602BFB8003545E8 /* CoreGraphics.framework */; };
		037F1FBE1602BFB8003545E8 /* InfoPlist.strings in Resources */ = {isa = PBXBuildFile; fileRef = 037F1FBC1602BFB8003545E8 /* InfoPlist.strings */; };
		037F1FC01602BFB8003545E8 /* main.m in Sources */ = {isa = PBXBuildFile; fileRef = 037F1FBF1602BFB8003545E8 /* main.m */; };
		037F1FC41602BFB8003545E8 /* JAAppDelegate.m in Sources */ = {isa = PBXBuildFile; fileRef = 037F1FC31602BFB8003545E8 /* JAAppDelegate.m */; };
		037F1FC71602BFB8003545E8 /* JAStartScreen.m in Sources */ = {isa = PBXBuildFile; fileRef = 037F1FC61602BFB8003545E8 /* JAStartScreen.m */; };
		037F1FCA1602BFB8003545E8 /* JAStartScreen.xib in Resources */ = {isa = PBXBuildFile; fileRef = 037F1FC81602BFB8003545E8 /* JAStartScreen.xib */; };
		037F1FD61602C2FB003545E8 /* JARootViewController.m in Sources */ = {isa = PBXBuildFile; fileRef = 037F1FD51602C2FB003545E8 /* JARootViewController.m */; };
		037F1FE51602E803003545E8 /* main.m in Sources */ = {isa = PBXBuildFile; fileRef = 037F1FBF1602BFB8003545E8 /* main.m */; };
		037F1FE61602E803003545E8 /* JAAppDelegate.m in Sources */ = {isa = PBXBuildFile; fileRef = 037F1FC31602BFB8003545E8 /* JAAppDelegate.m */; };
		037F1FE71602E803003545E8 /* JAStartScreen.m in Sources */ = {isa = PBXBuildFile; fileRef = 037F1FC61602BFB8003545E8 /* JAStartScreen.m */; };
		037F1FE81602E803003545E8 /* JARootViewController.m in Sources */ = {isa = PBXBuildFile; fileRef = 037F1FD51602C2FB003545E8 /* JARootViewController.m */; };
		037F1FEA1602E803003545E8 /* UIKit.framework in Frameworks */ = {isa = PBXBuildFile; fileRef = 037F1FB31602BFB8003545E8 /* UIKit.framework */; };
		037F1FEB1602E803003545E8 /* Foundation.framework in Frameworks */ = {isa = PBXBuildFile; fileRef = 037F1FB51602BFB8003545E8 /* Foundation.framework */; };
		037F1FEC1602E803003545E8 /* CoreGraphics.framework in Frameworks */ = {isa = PBXBuildFile; fileRef = 037F1FB71602BFB8003545E8 /* CoreGraphics.framework */; };
		037F1FEE1602E803003545E8 /* InfoPlist.strings in Resources */ = {isa = PBXBuildFile; fileRef = 037F1FBC1602BFB8003545E8 /* InfoPlist.strings */; };
		037F1FEF1602E803003545E8 /* JAStartScreen.xib in Resources */ = {isa = PBXBuildFile; fileRef = 037F1FC81602BFB8003545E8 /* JAStartScreen.xib */; };
		037F20121602EB71003545E8 /* main.m in Sources */ = {isa = PBXBuildFile; fileRef = 037F1FBF1602BFB8003545E8 /* main.m */; };
		037F20131602EB71003545E8 /* JAAppDelegate.m in Sources */ = {isa = PBXBuildFile; fileRef = 037F1FC31602BFB8003545E8 /* JAAppDelegate.m */; };
		037F20141602EB71003545E8 /* JAStartScreen.m in Sources */ = {isa = PBXBuildFile; fileRef = 037F1FC61602BFB8003545E8 /* JAStartScreen.m */; };
		037F20151602EB71003545E8 /* JARootViewController.m in Sources */ = {isa = PBXBuildFile; fileRef = 037F1FD51602C2FB003545E8 /* JARootViewController.m */; };
		037F20171602EB71003545E8 /* UIKit.framework in Frameworks */ = {isa = PBXBuildFile; fileRef = 037F1FB31602BFB8003545E8 /* UIKit.framework */; };
		037F20181602EB71003545E8 /* Foundation.framework in Frameworks */ = {isa = PBXBuildFile; fileRef = 037F1FB51602BFB8003545E8 /* Foundation.framework */; };
		037F20191602EB71003545E8 /* CoreGraphics.framework in Frameworks */ = {isa = PBXBuildFile; fileRef = 037F1FB71602BFB8003545E8 /* CoreGraphics.framework */; };
		037F201B1602EB71003545E8 /* InfoPlist.strings in Resources */ = {isa = PBXBuildFile; fileRef = 037F1FBC1602BFB8003545E8 /* InfoPlist.strings */; };
		037F201C1602EB71003545E8 /* JAStartScreen.xib in Resources */ = {isa = PBXBuildFile; fileRef = 037F1FC81602BFB8003545E8 /* JAStartScreen.xib */; };
		037F20251602ED13003545E8 /* JAPlayer.m in Sources */ = {isa = PBXBuildFile; fileRef = 037F20241602ED13003545E8 /* JAPlayer.m */; };
		037F20261602ED13003545E8 /* JAPlayer.m in Sources */ = {isa = PBXBuildFile; fileRef = 037F20241602ED13003545E8 /* JAPlayer.m */; };
		037F20271602ED13003545E8 /* JAPlayer.m in Sources */ = {isa = PBXBuildFile; fileRef = 037F20241602ED13003545E8 /* JAPlayer.m */; };
		037F202B1602F977003545E8 /* JSONKit.m in Sources */ = {isa = PBXBuildFile; fileRef = 037F202A1602F977003545E8 /* JSONKit.m */; };
		037F202C1602F977003545E8 /* JSONKit.m in Sources */ = {isa = PBXBuildFile; fileRef = 037F202A1602F977003545E8 /* JSONKit.m */; };
		037F202D1602F977003545E8 /* JSONKit.m in Sources */ = {isa = PBXBuildFile; fileRef = 037F202A1602F977003545E8 /* JSONKit.m */; };
		037F20311603038D003545E8 /* JAJudgeViewController.m in Sources */ = {isa = PBXBuildFile; fileRef = 037F202F1603038D003545E8 /* JAJudgeViewController.m */; };
		037F20321603038D003545E8 /* JAJudgeViewController.m in Sources */ = {isa = PBXBuildFile; fileRef = 037F202F1603038D003545E8 /* JAJudgeViewController.m */; };
		037F20331603038D003545E8 /* JAJudgeViewController.m in Sources */ = {isa = PBXBuildFile; fileRef = 037F202F1603038D003545E8 /* JAJudgeViewController.m */; };
		037F20341603038D003545E8 /* JAJudgeViewController.xib in Resources */ = {isa = PBXBuildFile; fileRef = 037F20301603038D003545E8 /* JAJudgeViewController.xib */; };
		037F20351603038D003545E8 /* JAJudgeViewController.xib in Resources */ = {isa = PBXBuildFile; fileRef = 037F20301603038D003545E8 /* JAJudgeViewController.xib */; };
		037F20361603038D003545E8 /* JAJudgeViewController.xib in Resources */ = {isa = PBXBuildFile; fileRef = 037F20301603038D003545E8 /* JAJudgeViewController.xib */; };
		037F203A16030740003545E8 /* JAJudgeChoiceCardViewController.m in Sources */ = {isa = PBXBuildFile; fileRef = 037F203816030740003545E8 /* JAJudgeChoiceCardViewController.m */; };
		037F203B16030740003545E8 /* JAJudgeChoiceCardViewController.m in Sources */ = {isa = PBXBuildFile; fileRef = 037F203816030740003545E8 /* JAJudgeChoiceCardViewController.m */; };
		037F203C16030740003545E8 /* JAJudgeChoiceCardViewController.m in Sources */ = {isa = PBXBuildFile; fileRef = 037F203816030740003545E8 /* JAJudgeChoiceCardViewController.m */; };
		037F203D16030740003545E8 /* JAJudgeChoiceCardViewController.xib in Resources */ = {isa = PBXBuildFile; fileRef = 037F203916030740003545E8 /* JAJudgeChoiceCardViewController.xib */; };
		037F203E16030740003545E8 /* JAJudgeChoiceCardViewController.xib in Resources */ = {isa = PBXBuildFile; fileRef = 037F203916030740003545E8 /* JAJudgeChoiceCardViewController.xib */; };
		037F203F16030740003545E8 /* JAJudgeChoiceCardViewController.xib in Resources */ = {isa = PBXBuildFile; fileRef = 037F203916030740003545E8 /* JAJudgeChoiceCardViewController.xib */; };
		03957C1D1603ABA7005C0176 /* JAOratorViewController.m in Sources */ = {isa = PBXBuildFile; fileRef = 03957C1B1603ABA7005C0176 /* JAOratorViewController.m */; };
		03957C1E1603ABA7005C0176 /* JAOratorViewController.m in Sources */ = {isa = PBXBuildFile; fileRef = 03957C1B1603ABA7005C0176 /* JAOratorViewController.m */; };
		03957C1F1603ABA7005C0176 /* JAOratorViewController.m in Sources */ = {isa = PBXBuildFile; fileRef = 03957C1B1603ABA7005C0176 /* JAOratorViewController.m */; };
		03957C201603ABA7005C0176 /* JAOratorViewController.xib in Resources */ = {isa = PBXBuildFile; fileRef = 03957C1C1603ABA7005C0176 /* JAOratorViewController.xib */; };
		03957C211603ABA7005C0176 /* JAOratorViewController.xib in Resources */ = {isa = PBXBuildFile; fileRef = 03957C1C1603ABA7005C0176 /* JAOratorViewController.xib */; };
		03957C221603ABA7005C0176 /* JAOratorViewController.xib in Resources */ = {isa = PBXBuildFile; fileRef = 03957C1C1603ABA7005C0176 /* JAOratorViewController.xib */; };
		03957C261603CFD2005C0176 /* JAOratorHandCardViewController.m in Sources */ = {isa = PBXBuildFile; fileRef = 03957C241603CFD2005C0176 /* JAOratorHandCardViewController.m */; };
		03957C271603CFD2005C0176 /* JAOratorHandCardViewController.m in Sources */ = {isa = PBXBuildFile; fileRef = 03957C241603CFD2005C0176 /* JAOratorHandCardViewController.m */; };
		03957C281603CFD2005C0176 /* JAOratorHandCardViewController.m in Sources */ = {isa = PBXBuildFile; fileRef = 03957C241603CFD2005C0176 /* JAOratorHandCardViewController.m */; };
		03957C291603CFD2005C0176 /* JAOratorHandCardViewController.xib in Resources */ = {isa = PBXBuildFile; fileRef = 03957C251603CFD2005C0176 /* JAOratorHandCardViewController.xib */; };
		03957C2A1603CFD2005C0176 /* JAOratorHandCardViewController.xib in Resources */ = {isa = PBXBuildFile; fileRef = 03957C251603CFD2005C0176 /* JAOratorHandCardViewController.xib */; };
		03957C2B1603CFD2005C0176 /* JAOratorHandCardViewController.xib in Resources */ = {isa = PBXBuildFile; fileRef = 03957C251603CFD2005C0176 /* JAOratorHandCardViewController.xib */; };
		03957C331604222A005C0176 /* JAResultsViewController.m in Sources */ = {isa = PBXBuildFile; fileRef = 03957C311604222A005C0176 /* JAResultsViewController.m */; };
		03957C341604222A005C0176 /* JAResultsViewController.m in Sources */ = {isa = PBXBuildFile; fileRef = 03957C311604222A005C0176 /* JAResultsViewController.m */; };
		03957C351604222A005C0176 /* JAResultsViewController.m in Sources */ = {isa = PBXBuildFile; fileRef = 03957C311604222A005C0176 /* JAResultsViewController.m */; };
		03957C361604222A005C0176 /* JAResultsViewController.xib in Resources */ = {isa = PBXBuildFile; fileRef = 03957C321604222A005C0176 /* JAResultsViewController.xib */; };
		03957C371604222A005C0176 /* JAResultsViewController.xib in Resources */ = {isa = PBXBuildFile; fileRef = 03957C321604222A005C0176 /* JAResultsViewController.xib */; };
		03957C381604222A005C0176 /* JAResultsViewController.xib in Resources */ = {isa = PBXBuildFile; fileRef = 03957C321604222A005C0176 /* JAResultsViewController.xib */; };
/* End PBXBuildFile section */

/* Begin PBXFileReference section */
		0310C515160431EC00334F29 /* JAAnonymousCardViewController.h */ = {isa = PBXFileReference; fileEncoding = 4; lastKnownFileType = sourcecode.c.h; path = JAAnonymousCardViewController.h; sourceTree = "<group>"; };
		0310C516160431EC00334F29 /* JAAnonymousCardViewController.m */ = {isa = PBXFileReference; fileEncoding = 4; lastKnownFileType = sourcecode.c.objc; path = JAAnonymousCardViewController.m; sourceTree = "<group>"; };
		0310C517160431EC00334F29 /* JAAnonymousCardViewController.xib */ = {isa = PBXFileReference; fileEncoding = 4; lastKnownFileType = file.xib; path = JAAnonymousCardViewController.xib; sourceTree = "<group>"; };
		037F1FAF1602BFB8003545E8 /* Player1.app */ = {isa = PBXFileReference; explicitFileType = wrapper.application; includeInIndex = 0; path = Player1.app; sourceTree = BUILT_PRODUCTS_DIR; };
		037F1FB31602BFB8003545E8 /* UIKit.framework */ = {isa = PBXFileReference; lastKnownFileType = wrapper.framework; name = UIKit.framework; path = System/Library/Frameworks/UIKit.framework; sourceTree = SDKROOT; };
		037F1FB51602BFB8003545E8 /* Foundation.framework */ = {isa = PBXFileReference; lastKnownFileType = wrapper.framework; name = Foundation.framework; path = System/Library/Frameworks/Foundation.framework; sourceTree = SDKROOT; };
		037F1FB71602BFB8003545E8 /* CoreGraphics.framework */ = {isa = PBXFileReference; lastKnownFileType = wrapper.framework; name = CoreGraphics.framework; path = System/Library/Frameworks/CoreGraphics.framework; sourceTree = SDKROOT; };
		037F1FBB1602BFB8003545E8 /* JoshAndrew-Info.plist */ = {isa = PBXFileReference; lastKnownFileType = text.plist.xml; path = "JoshAndrew-Info.plist"; sourceTree = "<group>"; };
		037F1FBD1602BFB8003545E8 /* en */ = {isa = PBXFileReference; lastKnownFileType = text.plist.strings; name = en; path = en.lproj/InfoPlist.strings; sourceTree = "<group>"; };
		037F1FBF1602BFB8003545E8 /* main.m */ = {isa = PBXFileReference; lastKnownFileType = sourcecode.c.objc; path = main.m; sourceTree = "<group>"; };
		037F1FC11602BFB8003545E8 /* JoshAndrew-Prefix.pch */ = {isa = PBXFileReference; lastKnownFileType = sourcecode.c.h; path = "JoshAndrew-Prefix.pch"; sourceTree = "<group>"; };
		037F1FC21602BFB8003545E8 /* JAAppDelegate.h */ = {isa = PBXFileReference; lastKnownFileType = sourcecode.c.h; path = JAAppDelegate.h; sourceTree = "<group>"; };
		037F1FC31602BFB8003545E8 /* JAAppDelegate.m */ = {isa = PBXFileReference; lastKnownFileType = sourcecode.c.objc; path = JAAppDelegate.m; sourceTree = "<group>"; };
		037F1FC51602BFB8003545E8 /* JAStartScreen.h */ = {isa = PBXFileReference; lastKnownFileType = sourcecode.c.h; path = JAStartScreen.h; sourceTree = "<group>"; };
		037F1FC61602BFB8003545E8 /* JAStartScreen.m */ = {isa = PBXFileReference; lastKnownFileType = sourcecode.c.objc; path = JAStartScreen.m; sourceTree = "<group>"; };
		037F1FC91602BFB8003545E8 /* en */ = {isa = PBXFileReference; lastKnownFileType = file.xib; name = en; path = en.lproj/JAStartScreen.xib; sourceTree = "<group>"; };
		037F1FD41602C2FB003545E8 /* JARootViewController.h */ = {isa = PBXFileReference; fileEncoding = 4; lastKnownFileType = sourcecode.c.h; path = JARootViewController.h; sourceTree = "<group>"; };
		037F1FD51602C2FB003545E8 /* JARootViewController.m */ = {isa = PBXFileReference; fileEncoding = 4; lastKnownFileType = sourcecode.c.objc; path = JARootViewController.m; sourceTree = "<group>"; };
		037F1FD71602C5B7003545E8 /* GameConsts.h */ = {isa = PBXFileReference; fileEncoding = 4; lastKnownFileType = sourcecode.c.h; path = GameConsts.h; sourceTree = "<group>"; };
		037F1FF31602E803003545E8 /* JoshAndrew copy.app */ = {isa = PBXFileReference; explicitFileType = wrapper.application; includeInIndex = 0; path = "JoshAndrew copy.app"; sourceTree = BUILT_PRODUCTS_DIR; };
		037F1FF51602E803003545E8 /* JoshAndrew copy-Info.plist */ = {isa = PBXFileReference; lastKnownFileType = text.plist.xml; name = "JoshAndrew copy-Info.plist"; path = "/Users/josh/Desktop/joshAndrew/JoshAndrew/frontend/JoshAndrew/JoshAndrew copy-Info.plist"; sourceTree = "<absolute>"; };
		037F20081602E820003545E8 /* JoshAndrew copy2-Info.plist */ = {isa = PBXFileReference; lastKnownFileType = text.plist.xml; name = "JoshAndrew copy2-Info.plist"; path = "/Users/josh/Desktop/joshAndrew/JoshAndrew/frontend/JoshAndrew/JoshAndrew copy2-Info.plist"; sourceTree = "<absolute>"; };
		037F20201602EB71003545E8 /* Player2 copy.app */ = {isa = PBXFileReference; explicitFileType = wrapper.application; includeInIndex = 0; path = "Player2 copy.app"; sourceTree = BUILT_PRODUCTS_DIR; };
		037F20221602EB71003545E8 /* Player2 copy-Info.plist */ = {isa = PBXFileReference; lastKnownFileType = text.plist.xml; name = "Player2 copy-Info.plist"; path = "/Users/josh/Desktop/joshAndrew/JoshAndrew/frontend/JoshAndrew/Player2 copy-Info.plist"; sourceTree = "<absolute>"; };
		037F20231602ED13003545E8 /* JAPlayer.h */ = {isa = PBXFileReference; fileEncoding = 4; lastKnownFileType = sourcecode.c.h; path = JAPlayer.h; sourceTree = "<group>"; };
		037F20241602ED13003545E8 /* JAPlayer.m */ = {isa = PBXFileReference; fileEncoding = 4; lastKnownFileType = sourcecode.c.objc; path = JAPlayer.m; sourceTree = "<group>"; };
		037F20291602F977003545E8 /* JSONKit.h */ = {isa = PBXFileReference; fileEncoding = 4; lastKnownFileType = sourcecode.c.h; path = JSONKit.h; sourceTree = "<group>"; };
		037F202A1602F977003545E8 /* JSONKit.m */ = {isa = PBXFileReference; fileEncoding = 4; lastKnownFileType = sourcecode.c.objc; path = JSONKit.m; sourceTree = "<group>"; };
		037F202E1603038D003545E8 /* JAJudgeViewController.h */ = {isa = PBXFileReference; fileEncoding = 4; lastKnownFileType = sourcecode.c.h; path = JAJudgeViewController.h; sourceTree = "<group>"; };
		037F202F1603038D003545E8 /* JAJudgeViewController.m */ = {isa = PBXFileReference; fileEncoding = 4; lastKnownFileType = sourcecode.c.objc; path = JAJudgeViewController.m; sourceTree = "<group>"; };
		037F20301603038D003545E8 /* JAJudgeViewController.xib */ = {isa = PBXFileReference; fileEncoding = 4; lastKnownFileType = file.xib; path = JAJudgeViewController.xib; sourceTree = "<group>"; };
		037F203716030740003545E8 /* JAJudgeChoiceCardViewController.h */ = {isa = PBXFileReference; fileEncoding = 4; lastKnownFileType = sourcecode.c.h; path = JAJudgeChoiceCardViewController.h; sourceTree = "<group>"; };
		037F203816030740003545E8 /* JAJudgeChoiceCardViewController.m */ = {isa = PBXFileReference; fileEncoding = 4; lastKnownFileType = sourcecode.c.objc; path = JAJudgeChoiceCardViewController.m; sourceTree = "<group>"; };
		037F203916030740003545E8 /* JAJudgeChoiceCardViewController.xib */ = {isa = PBXFileReference; fileEncoding = 4; lastKnownFileType = file.xib; path = JAJudgeChoiceCardViewController.xib; sourceTree = "<group>"; };
		03957C1A1603ABA7005C0176 /* JAOratorViewController.h */ = {isa = PBXFileReference; fileEncoding = 4; lastKnownFileType = sourcecode.c.h; path = JAOratorViewController.h; sourceTree = "<group>"; };
		03957C1B1603ABA7005C0176 /* JAOratorViewController.m */ = {isa = PBXFileReference; fileEncoding = 4; lastKnownFileType = sourcecode.c.objc; path = JAOratorViewController.m; sourceTree = "<group>"; };
		03957C1C1603ABA7005C0176 /* JAOratorViewController.xib */ = {isa = PBXFileReference; fileEncoding = 4; lastKnownFileType = file.xib; path = JAOratorViewController.xib; sourceTree = "<group>"; };
		03957C231603CFD2005C0176 /* JAOratorHandCardViewController.h */ = {isa = PBXFileReference; fileEncoding = 4; lastKnownFileType = sourcecode.c.h; path = JAOratorHandCardViewController.h; sourceTree = "<group>"; };
		03957C241603CFD2005C0176 /* JAOratorHandCardViewController.m */ = {isa = PBXFileReference; fileEncoding = 4; lastKnownFileType = sourcecode.c.objc; path = JAOratorHandCardViewController.m; sourceTree = "<group>"; };
		03957C251603CFD2005C0176 /* JAOratorHandCardViewController.xib */ = {isa = PBXFileReference; fileEncoding = 4; lastKnownFileType = file.xib; path = JAOratorHandCardViewController.xib; sourceTree = "<group>"; };
		03957C301604222A005C0176 /* JAResultsViewController.h */ = {isa = PBXFileReference; fileEncoding = 4; lastKnownFileType = sourcecode.c.h; path = JAResultsViewController.h; sourceTree = "<group>"; };
		03957C311604222A005C0176 /* JAResultsViewController.m */ = {isa = PBXFileReference; fileEncoding = 4; lastKnownFileType = sourcecode.c.objc; path = JAResultsViewController.m; sourceTree = "<group>"; };
		03957C321604222A005C0176 /* JAResultsViewController.xib */ = {isa = PBXFileReference; fileEncoding = 4; lastKnownFileType = file.xib; path = JAResultsViewController.xib; sourceTree = "<group>"; };
/* End PBXFileReference section */

/* Begin PBXFrameworksBuildPhase section */
		037F1FAC1602BFB8003545E8 /* Frameworks */ = {
			isa = PBXFrameworksBuildPhase;
			buildActionMask = 2147483647;
			files = (
				037F1FB41602BFB8003545E8 /* UIKit.framework in Frameworks */,
				037F1FB61602BFB8003545E8 /* Foundation.framework in Frameworks */,
				037F1FB81602BFB8003545E8 /* CoreGraphics.framework in Frameworks */,
			);
			runOnlyForDeploymentPostprocessing = 0;
		};
		037F1FE91602E803003545E8 /* Frameworks */ = {
			isa = PBXFrameworksBuildPhase;
			buildActionMask = 2147483647;
			files = (
				037F1FEA1602E803003545E8 /* UIKit.framework in Frameworks */,
				037F1FEB1602E803003545E8 /* Foundation.framework in Frameworks */,
				037F1FEC1602E803003545E8 /* CoreGraphics.framework in Frameworks */,
			);
			runOnlyForDeploymentPostprocessing = 0;
		};
		037F20161602EB71003545E8 /* Frameworks */ = {
			isa = PBXFrameworksBuildPhase;
			buildActionMask = 2147483647;
			files = (
				037F20171602EB71003545E8 /* UIKit.framework in Frameworks */,
				037F20181602EB71003545E8 /* Foundation.framework in Frameworks */,
				037F20191602EB71003545E8 /* CoreGraphics.framework in Frameworks */,
			);
			runOnlyForDeploymentPostprocessing = 0;
		};
/* End PBXFrameworksBuildPhase section */

/* Begin PBXGroup section */
		0310C514160431CB00334F29 /* anonymousCard */ = {
			isa = PBXGroup;
			children = (
				0310C515160431EC00334F29 /* JAAnonymousCardViewController.h */,
				0310C516160431EC00334F29 /* JAAnonymousCardViewController.m */,
				0310C517160431EC00334F29 /* JAAnonymousCardViewController.xib */,
			);
			name = anonymousCard;
			sourceTree = "<group>";
		};
		037F1FA41602BFB8003545E8 = {
			isa = PBXGroup;
			children = (
				037F1FB91602BFB8003545E8 /* JoshAndrew */,
				037F1FB21602BFB8003545E8 /* Frameworks */,
				037F1FB01602BFB8003545E8 /* Products */,
			);
			sourceTree = "<group>";
		};
		037F1FB01602BFB8003545E8 /* Products */ = {
			isa = PBXGroup;
			children = (
				037F1FAF1602BFB8003545E8 /* Player1.app */,
				037F1FF31602E803003545E8 /* JoshAndrew copy.app */,
				037F20201602EB71003545E8 /* Player2 copy.app */,
			);
			name = Products;
			sourceTree = "<group>";
		};
		037F1FB21602BFB8003545E8 /* Frameworks */ = {
			isa = PBXGroup;
			children = (
				037F1FB31602BFB8003545E8 /* UIKit.framework */,
				037F1FB51602BFB8003545E8 /* Foundation.framework */,
				037F1FB71602BFB8003545E8 /* CoreGraphics.framework */,
			);
			name = Frameworks;
			sourceTree = "<group>";
		};
		037F1FB91602BFB8003545E8 /* JoshAndrew */ = {
			isa = PBXGroup;
			children = (
				03957C47160422ED005C0176 /* model */,
				03957C44160422AB005C0176 /* playState */,
				03957C4316042287005C0176 /* init */,
				03957C4216042274005C0176 /* results */,
				037F1FBA1602BFB8003545E8 /* Supporting Files */,
				037F20281602F977003545E8 /* JSONKit */,
			);
			path = JoshAndrew;
			sourceTree = "<group>";
		};
		037F1FBA1602BFB8003545E8 /* Supporting Files */ = {
			isa = PBXGroup;
			children = (
				037F20221602EB71003545E8 /* Player2 copy-Info.plist */,
				037F1FBB1602BFB8003545E8 /* JoshAndrew-Info.plist */,
				037F1FF51602E803003545E8 /* JoshAndrew copy-Info.plist */,
				037F20081602E820003545E8 /* JoshAndrew copy2-Info.plist */,
				037F1FBC1602BFB8003545E8 /* InfoPlist.strings */,
				037F1FBF1602BFB8003545E8 /* main.m */,
				037F1FC11602BFB8003545E8 /* JoshAndrew-Prefix.pch */,
			);
			name = "Supporting Files";
			sourceTree = "<group>";
		};
		037F20281602F977003545E8 /* JSONKit */ = {
			isa = PBXGroup;
			children = (
				037F20291602F977003545E8 /* JSONKit.h */,
				037F202A1602F977003545E8 /* JSONKit.m */,
			);
			path = JSONKit;
			sourceTree = "<group>";
		};
		03957C4216042274005C0176 /* results */ = {
			isa = PBXGroup;
			children = (
				03957C301604222A005C0176 /* JAResultsViewController.h */,
				03957C311604222A005C0176 /* JAResultsViewController.m */,
				03957C321604222A005C0176 /* JAResultsViewController.xib */,
			);
			name = results;
			sourceTree = "<group>";
		};
		03957C4316042287005C0176 /* init */ = {
			isa = PBXGroup;
			children = (
				037F1FC21602BFB8003545E8 /* JAAppDelegate.h */,
				037F1FC31602BFB8003545E8 /* JAAppDelegate.m */,
				037F1FC51602BFB8003545E8 /* JAStartScreen.h */,
				037F1FC61602BFB8003545E8 /* JAStartScreen.m */,
				037F1FC81602BFB8003545E8 /* JAStartScreen.xib */,
				037F1FD41602C2FB003545E8 /* JARootViewController.h */,
				037F1FD51602C2FB003545E8 /* JARootViewController.m */,
			);
			name = init;
			sourceTree = "<group>";
		};
		03957C44160422AB005C0176 /* playState */ = {
			isa = PBXGroup;
			children = (
				0310C514160431CB00334F29 /* anonymousCard */,
				03957C46160422D1005C0176 /* orator */,
				03957C45160422C5005C0176 /* judge */,
			);
			name = playState;
			sourceTree = "<group>";
		};
		03957C45160422C5005C0176 /* judge */ = {
			isa = PBXGroup;
			children = (
				037F202E1603038D003545E8 /* JAJudgeViewController.h */,
				037F202F1603038D003545E8 /* JAJudgeViewController.m */,
				037F20301603038D003545E8 /* JAJudgeViewController.xib */,
				037F203716030740003545E8 /* JAJudgeChoiceCardViewController.h */,
				037F203816030740003545E8 /* JAJudgeChoiceCardViewController.m */,
				037F203916030740003545E8 /* JAJudgeChoiceCardViewController.xib */,
			);
			name = judge;
			sourceTree = "<group>";
		};
		03957C46160422D1005C0176 /* orator */ = {
			isa = PBXGroup;
			children = (
				03957C231603CFD2005C0176 /* JAOratorHandCardViewController.h */,
				03957C241603CFD2005C0176 /* JAOratorHandCardViewController.m */,
				03957C251603CFD2005C0176 /* JAOratorHandCardViewController.xib */,
				03957C1A1603ABA7005C0176 /* JAOratorViewController.h */,
				03957C1B1603ABA7005C0176 /* JAOratorViewController.m */,
				03957C1C1603ABA7005C0176 /* JAOratorViewController.xib */,
			);
			name = orator;
			sourceTree = "<group>";
		};
		03957C47160422ED005C0176 /* model */ = {
			isa = PBXGroup;
			children = (
				037F1FD71602C5B7003545E8 /* GameConsts.h */,
				037F20231602ED13003545E8 /* JAPlayer.h */,
				037F20241602ED13003545E8 /* JAPlayer.m */,
			);
			name = model;
			sourceTree = "<group>";
		};
/* End PBXGroup section */

/* Begin PBXNativeTarget section */
		037F1FAE1602BFB8003545E8 /* Player1 */ = {
			isa = PBXNativeTarget;
			buildConfigurationList = 037F1FCD1602BFB8003545E8 /* Build configuration list for PBXNativeTarget "Player1" */;
			buildPhases = (
				037F1FAB1602BFB8003545E8 /* Sources */,
				037F1FAC1602BFB8003545E8 /* Frameworks */,
				037F1FAD1602BFB8003545E8 /* Resources */,
			);
			buildRules = (
			);
			dependencies = (
			);
			name = Player1;
			productName = JoshAndrew;
			productReference = 037F1FAF1602BFB8003545E8 /* Player1.app */;
			productType = "com.apple.product-type.application";
		};
		037F1FE31602E803003545E8 /* Player2 */ = {
			isa = PBXNativeTarget;
			buildConfigurationList = 037F1FF01602E803003545E8 /* Build configuration list for PBXNativeTarget "Player2" */;
			buildPhases = (
				037F1FE41602E803003545E8 /* Sources */,
				037F1FE91602E803003545E8 /* Frameworks */,
				037F1FED1602E803003545E8 /* Resources */,
			);
			buildRules = (
			);
			dependencies = (
			);
			name = Player2;
			productName = JoshAndrew;
			productReference = 037F1FF31602E803003545E8 /* JoshAndrew copy.app */;
			productType = "com.apple.product-type.application";
		};
		037F20101602EB71003545E8 /* Player2 copy */ = {
			isa = PBXNativeTarget;
			buildConfigurationList = 037F201D1602EB71003545E8 /* Build configuration list for PBXNativeTarget "Player2 copy" */;
			buildPhases = (
				037F20111602EB71003545E8 /* Sources */,
				037F20161602EB71003545E8 /* Frameworks */,
				037F201A1602EB71003545E8 /* Resources */,
			);
			buildRules = (
			);
			dependencies = (
			);
			name = "Player2 copy";
			productName = JoshAndrew;
			productReference = 037F20201602EB71003545E8 /* Player2 copy.app */;
			productType = "com.apple.product-type.application";
		};
/* End PBXNativeTarget section */

/* Begin PBXProject section */
		037F1FA61602BFB8003545E8 /* Project object */ = {
			isa = PBXProject;
			attributes = {
				CLASSPREFIX = JA;
				LastUpgradeCheck = 0440;
				ORGANIZATIONNAME = 50cubes;
			};
			buildConfigurationList = 037F1FA91602BFB8003545E8 /* Build configuration list for PBXProject "JoshAndrew" */;
			compatibilityVersion = "Xcode 3.2";
			developmentRegion = English;
			hasScannedForEncodings = 0;
			knownRegions = (
				en,
			);
			mainGroup = 037F1FA41602BFB8003545E8;
			productRefGroup = 037F1FB01602BFB8003545E8 /* Products */;
			projectDirPath = "";
			projectRoot = "";
			targets = (
				037F1FAE1602BFB8003545E8 /* Player1 */,
				037F1FE31602E803003545E8 /* Player2 */,
				037F20101602EB71003545E8 /* Player2 copy */,
			);
		};
/* End PBXProject section */

/* Begin PBXResourcesBuildPhase section */
		037F1FAD1602BFB8003545E8 /* Resources */ = {
			isa = PBXResourcesBuildPhase;
			buildActionMask = 2147483647;
			files = (
				037F1FBE1602BFB8003545E8 /* InfoPlist.strings in Resources */,
				037F1FCA1602BFB8003545E8 /* JAStartScreen.xib in Resources */,
				037F20341603038D003545E8 /* JAJudgeViewController.xib in Resources */,
				037F203D16030740003545E8 /* JAJudgeChoiceCardViewController.xib in Resources */,
				03957C201603ABA7005C0176 /* JAOratorViewController.xib in Resources */,
				03957C291603CFD2005C0176 /* JAOratorHandCardViewController.xib in Resources */,
				03957C361604222A005C0176 /* JAResultsViewController.xib in Resources */,
				0310C51B160431EC00334F29 /* JAAnonymousCardViewController.xib in Resources */,
			);
			runOnlyForDeploymentPostprocessing = 0;
		};
		037F1FED1602E803003545E8 /* Resources */ = {
			isa = PBXResourcesBuildPhase;
			buildActionMask = 2147483647;
			files = (
				037F1FEE1602E803003545E8 /* InfoPlist.strings in Resources */,
				037F1FEF1602E803003545E8 /* JAStartScreen.xib in Resources */,
				037F20351603038D003545E8 /* JAJudgeViewController.xib in Resources */,
				037F203E16030740003545E8 /* JAJudgeChoiceCardViewController.xib in Resources */,
				03957C211603ABA7005C0176 /* JAOratorViewController.xib in Resources */,
				03957C2A1603CFD2005C0176 /* JAOratorHandCardViewController.xib in Resources */,
				03957C371604222A005C0176 /* JAResultsViewController.xib in Resources */,
				0310C51C160431EC00334F29 /* JAAnonymousCardViewController.xib in Resources */,
			);
			runOnlyForDeploymentPostprocessing = 0;
		};
		037F201A1602EB71003545E8 /* Resources */ = {
			isa = PBXResourcesBuildPhase;
			buildActionMask = 2147483647;
			files = (
				037F201B1602EB71003545E8 /* InfoPlist.strings in Resources */,
				037F201C1602EB71003545E8 /* JAStartScreen.xib in Resources */,
				037F20361603038D003545E8 /* JAJudgeViewController.xib in Resources */,
				037F203F16030740003545E8 /* JAJudgeChoiceCardViewController.xib in Resources */,
				03957C221603ABA7005C0176 /* JAOratorViewController.xib in Resources */,
				03957C2B1603CFD2005C0176 /* JAOratorHandCardViewController.xib in Resources */,
				03957C381604222A005C0176 /* JAResultsViewController.xib in Resources */,
				0310C51D160431EC00334F29 /* JAAnonymousCardViewController.xib in Resources */,
			);
			runOnlyForDeploymentPostprocessing = 0;
		};
/* End PBXResourcesBuildPhase section */

/* Begin PBXSourcesBuildPhase section */
		037F1FAB1602BFB8003545E8 /* Sources */ = {
			isa = PBXSourcesBuildPhase;
			buildActionMask = 2147483647;
			files = (
				037F1FC01602BFB8003545E8 /* main.m in Sources */,
				037F1FC41602BFB8003545E8 /* JAAppDelegate.m in Sources */,
				037F1FC71602BFB8003545E8 /* JAStartScreen.m in Sources */,
				037F1FD61602C2FB003545E8 /* JARootViewController.m in Sources */,
				037F20251602ED13003545E8 /* JAPlayer.m in Sources */,
				037F202B1602F977003545E8 /* JSONKit.m in Sources */,
				037F20311603038D003545E8 /* JAJudgeViewController.m in Sources */,
				037F203A16030740003545E8 /* JAJudgeChoiceCardViewController.m in Sources */,
				03957C1D1603ABA7005C0176 /* JAOratorViewController.m in Sources */,
				03957C261603CFD2005C0176 /* JAOratorHandCardViewController.m in Sources */,
				03957C331604222A005C0176 /* JAResultsViewController.m in Sources */,
				0310C518160431EC00334F29 /* JAAnonymousCardViewController.m in Sources */,
			);
			runOnlyForDeploymentPostprocessing = 0;
		};
		037F1FE41602E803003545E8 /* Sources */ = {
			isa = PBXSourcesBuildPhase;
			buildActionMask = 2147483647;
			files = (
				037F1FE51602E803003545E8 /* main.m in Sources */,
				037F1FE61602E803003545E8 /* JAAppDelegate.m in Sources */,
				037F1FE71602E803003545E8 /* JAStartScreen.m in Sources */,
				037F1FE81602E803003545E8 /* JARootViewController.m in Sources */,
				037F20261602ED13003545E8 /* JAPlayer.m in Sources */,
				037F202C1602F977003545E8 /* JSONKit.m in Sources */,
				037F20321603038D003545E8 /* JAJudgeViewController.m in Sources */,
				037F203B16030740003545E8 /* JAJudgeChoiceCardViewController.m in Sources */,
				03957C1E1603ABA7005C0176 /* JAOratorViewController.m in Sources */,
				03957C271603CFD2005C0176 /* JAOratorHandCardViewController.m in Sources */,
				03957C341604222A005C0176 /* JAResultsViewController.m in Sources */,
				0310C519160431EC00334F29 /* JAAnonymousCardViewController.m in Sources */,
			);
			runOnlyForDeploymentPostprocessing = 0;
		};
		037F20111602EB71003545E8 /* Sources */ = {
			isa = PBXSourcesBuildPhase;
			buildActionMask = 2147483647;
			files = (
				037F20121602EB71003545E8 /* main.m in Sources */,
				037F20131602EB71003545E8 /* JAAppDelegate.m in Sources */,
				037F20141602EB71003545E8 /* JAStartScreen.m in Sources */,
				037F20151602EB71003545E8 /* JARootViewController.m in Sources */,
				037F20271602ED13003545E8 /* JAPlayer.m in Sources */,
				037F202D1602F977003545E8 /* JSONKit.m in Sources */,
				037F20331603038D003545E8 /* JAJudgeViewController.m in Sources */,
				037F203C16030740003545E8 /* JAJudgeChoiceCardViewController.m in Sources */,
				03957C1F1603ABA7005C0176 /* JAOratorViewController.m in Sources */,
				03957C281603CFD2005C0176 /* JAOratorHandCardViewController.m in Sources */,
				03957C351604222A005C0176 /* JAResultsViewController.m in Sources */,
				0310C51A160431EC00334F29 /* JAAnonymousCardViewController.m in Sources */,
			);
			runOnlyForDeploymentPostprocessing = 0;
		};
/* End PBXSourcesBuildPhase section */

/* Begin PBXVariantGroup section */
		037F1FBC1602BFB8003545E8 /* InfoPlist.strings */ = {
			isa = PBXVariantGroup;
			children = (
				037F1FBD1602BFB8003545E8 /* en */,
			);
			name = InfoPlist.strings;
			sourceTree = "<group>";
		};
		037F1FC81602BFB8003545E8 /* JAStartScreen.xib */ = {
			isa = PBXVariantGroup;
			children = (
				037F1FC91602BFB8003545E8 /* en */,
			);
			name = JAStartScreen.xib;
			sourceTree = "<group>";
		};
/* End PBXVariantGroup section */

/* Begin XCBuildConfiguration section */
		037F1FCB1602BFB8003545E8 /* Debug */ = {
			isa = XCBuildConfiguration;
			buildSettings = {
				ALWAYS_SEARCH_USER_PATHS = NO;
				ARCHS = "$(ARCHS_STANDARD_32_BIT)";
				CLANG_CXX_LANGUAGE_STANDARD = "gnu++0x";
				CLANG_WARN__DUPLICATE_METHOD_MATCH = YES;
				"CODE_SIGN_IDENTITY[sdk=iphoneos*]" = "iPhone Developer";
				COPY_PHASE_STRIP = NO;
				GCC_C_LANGUAGE_STANDARD = gnu99;
				GCC_DYNAMIC_NO_PIC = NO;
				GCC_OPTIMIZATION_LEVEL = 0;
				GCC_PREPROCESSOR_DEFINITIONS = (
					"DEBUG=1",
					"$(inherited)",
				);
				GCC_SYMBOLS_PRIVATE_EXTERN = NO;
				GCC_VERSION = com.apple.compilers.llvm.clang.1_0;
				GCC_WARN_ABOUT_RETURN_TYPE = YES;
				GCC_WARN_UNINITIALIZED_AUTOS = YES;
				GCC_WARN_UNUSED_VARIABLE = YES;
				IPHONEOS_DEPLOYMENT_TARGET = 5.1;
				SDKROOT = iphoneos;
				TARGETED_DEVICE_FAMILY = 2;
			};
			name = Debug;
		};
		037F1FCC1602BFB8003545E8 /* Release */ = {
			isa = XCBuildConfiguration;
			buildSettings = {
				ALWAYS_SEARCH_USER_PATHS = NO;
				ARCHS = "$(ARCHS_STANDARD_32_BIT)";
				CLANG_CXX_LANGUAGE_STANDARD = "gnu++0x";
				CLANG_WARN__DUPLICATE_METHOD_MATCH = YES;
				"CODE_SIGN_IDENTITY[sdk=iphoneos*]" = "iPhone Developer";
				COPY_PHASE_STRIP = YES;
				GCC_C_LANGUAGE_STANDARD = gnu99;
				GCC_VERSION = com.apple.compilers.llvm.clang.1_0;
				GCC_WARN_ABOUT_RETURN_TYPE = YES;
				GCC_WARN_UNINITIALIZED_AUTOS = YES;
				GCC_WARN_UNUSED_VARIABLE = YES;
				IPHONEOS_DEPLOYMENT_TARGET = 5.1;
				OTHER_CFLAGS = "-DNS_BLOCK_ASSERTIONS=1";
				SDKROOT = iphoneos;
				TARGETED_DEVICE_FAMILY = 2;
				VALIDATE_PRODUCT = YES;
			};
			name = Release;
		};
		037F1FCE1602BFB8003545E8 /* Debug */ = {
			isa = XCBuildConfiguration;
			buildSettings = {
				GCC_PRECOMPILE_PREFIX_HEADER = YES;
				GCC_PREFIX_HEADER = "JoshAndrew/JoshAndrew-Prefix.pch";
				GCC_PREPROCESSOR_DEFINITIONS = (
					"DEBUG=1",
					"PLAYER=1",
				);
				INFOPLIST_FILE = "JoshAndrew/JoshAndrew-Info.plist";
				PRODUCT_NAME = "$(TARGET_NAME)";
				WRAPPER_EXTENSION = app;
			};
			name = Debug;
		};
		037F1FCF1602BFB8003545E8 /* Release */ = {
			isa = XCBuildConfiguration;
			buildSettings = {
				GCC_PRECOMPILE_PREFIX_HEADER = YES;
				GCC_PREFIX_HEADER = "JoshAndrew/JoshAndrew-Prefix.pch";
				INFOPLIST_FILE = "JoshAndrew/JoshAndrew-Info.plist";
				PRODUCT_NAME = "$(TARGET_NAME)";
				WRAPPER_EXTENSION = app;
			};
			name = Release;
		};
		037F1FF11602E803003545E8 /* Debug */ = {
			isa = XCBuildConfiguration;
			buildSettings = {
				GCC_PRECOMPILE_PREFIX_HEADER = YES;
				GCC_PREFIX_HEADER = "JoshAndrew/JoshAndrew-Prefix.pch";
				GCC_PREPROCESSOR_DEFINITIONS = (
					"DEBUG=1",
					"PLAYER=2",
				);
				INFOPLIST_FILE = "JoshAndrew copy-Info.plist";
				PRODUCT_NAME = "JoshAndrew copy";
				WRAPPER_EXTENSION = app;
			};
			name = Debug;
		};
		037F1FF21602E803003545E8 /* Release */ = {
			isa = XCBuildConfiguration;
			buildSettings = {
				GCC_PRECOMPILE_PREFIX_HEADER = YES;
				GCC_PREFIX_HEADER = "JoshAndrew/JoshAndrew-Prefix.pch";
				INFOPLIST_FILE = "JoshAndrew copy-Info.plist";
				PRODUCT_NAME = "JoshAndrew copy";
				WRAPPER_EXTENSION = app;
			};
			name = Release;
		};
		037F201E1602EB71003545E8 /* Debug */ = {
			isa = XCBuildConfiguration;
			buildSettings = {
				CODE_SIGN_IDENTITY = "iPhone Developer: Jack Wu (27G8KUK9T6)";
				"CODE_SIGN_IDENTITY[sdk=iphoneos*]" = "iPhone Developer: Jack Wu (27G8KUK9T6)";
				GCC_PRECOMPILE_PREFIX_HEADER = YES;
				GCC_PREFIX_HEADER = "JoshAndrew/JoshAndrew-Prefix.pch";
				GCC_PREPROCESSOR_DEFINITIONS = (
					"DEBUG=1",
					"PLAYER=3",
				);
				INFOPLIST_FILE = "Player2 copy-Info.plist";
				PRODUCT_NAME = "Player2 copy";
				PROVISIONING_PROFILE = "C08E6CEE-201B-4283-947D-055213FEA103";
				"PROVISIONING_PROFILE[sdk=iphoneos*]" = "C08E6CEE-201B-4283-947D-055213FEA103";
				WRAPPER_EXTENSION = app;
			};
			name = Debug;
		};
		037F201F1602EB71003545E8 /* Release */ = {
			isa = XCBuildConfiguration;
			buildSettings = {
				GCC_PRECOMPILE_PREFIX_HEADER = YES;
				GCC_PREFIX_HEADER = "JoshAndrew/JoshAndrew-Prefix.pch";
				INFOPLIST_FILE = "Player2 copy-Info.plist";
				PRODUCT_NAME = "Player2 copy";
				WRAPPER_EXTENSION = app;
			};
			name = Release;
		};
/* End XCBuildConfiguration section */

/* Begin XCConfigurationList section */
		037F1FA91602BFB8003545E8 /* Build configuration list for PBXProject "JoshAndrew" */ = {
			isa = XCConfigurationList;
			buildConfigurations = (
				037F1FCB1602BFB8003545E8 /* Debug */,
				037F1FCC1602BFB8003545E8 /* Release */,
			);
			defaultConfigurationIsVisible = 0;
			defaultConfigurationName = Release;
		};
		037F1FCD1602BFB8003545E8 /* Build configuration list for PBXNativeTarget "Player1" */ = {
			isa = XCConfigurationList;
			buildConfigurations = (
				037F1FCE1602BFB8003545E8 /* Debug */,
				037F1FCF1602BFB8003545E8 /* Release */,
			);
			defaultConfigurationIsVisible = 0;
			defaultConfigurationName = Release;
		};
		037F1FF01602E803003545E8 /* Build configuration list for PBXNativeTarget "Player2" */ = {
			isa = XCConfigurationList;
			buildConfigurations = (
				037F1FF11602E803003545E8 /* Debug */,
				037F1FF21602E803003545E8 /* Release */,
			);
			defaultConfigurationIsVisible = 0;
			defaultConfigurationName = Release;
		};
		037F201D1602EB71003545E8 /* Build configuration list for PBXNativeTarget "Player2 copy" */ = {
			isa = XCConfigurationList;
			buildConfigurations = (
				037F201E1602EB71003545E8 /* Debug */,
				037F201F1602EB71003545E8 /* Release */,
			);
			defaultConfigurationIsVisible = 0;
			defaultConfigurationName = Release;
		};
/* End XCConfigurationList section */
	};
	rootObject = 037F1FA61602BFB8003545E8 /* Project object */;
}
